
Microsoft Visual Studio Solution File, Format Version 12.00
# Visual Studio Version 17
VisualStudioVersion = 17.5.2.0
MinimumVisualStudioVersion = 10.0.40219.1
Project("{2150E333-8FDC-42A3-9474-1A3956D46DE8}") = "database", "database", "{E0096E63-5207-411F-2649-837654E3C58A}"
EndProject
Project("{2150E333-8FDC-42A3-9474-1A3956D46DE8}") = "backend", "backend", "{1AE8ACA6-933B-BF2A-3671-3E2EAC007D16}"
EndProject
Project("{2150E333-8FDC-42A3-9474-1A3956D46DE8}") = "frontend", "frontend", "{CE609670-85B9-0D16-FB54-ED063D5D8A6D}"
EndProject
Project("{2150E333-8FDC-42A3-9474-1A3956D46DE8}") = "src", "src", "{0F9113EE-888A-26D2-68B0-4A7D0A2A8745}"
EndProject
Project("{2150E333-8FDC-42A3-9474-1A3956D46DE8}") = "tests", "tests", "{F57642F3-C37C-D174-720E-6A6AAD5BEE22}"
EndProject
Project("{FAE04EC0-301F-11D3-BF4B-00C04F79EFBC}") = "DevsuApi.Api", "backend\src\DevsuApi.Api\DevsuApi.Api.csproj", "{544D6774-7D62-4ACB-8D04-9734E2D81464}"
EndProject
Project("{FAE04EC0-301F-11D3-BF4B-00C04F79EFBC}") = "DevsuApi.Features", "backend\src\DevsuApi.Features\DevsuApi.Features.csproj", "{67768B24-0405-4C74-8604-B723CBD7A64B}"
EndProject
Project("{FAE04EC0-301F-11D3-BF4B-00C04F79EFBC}") = "DevsuApi.Domain", "backend\src\DevsuApi.Domain\DevsuApi.Domain.csproj", "{DA5629DB-2BD4-43A0-A069-5E961DFFFDDC}"
EndProject
Project("{FAE04EC0-301F-11D3-BF4B-00C04F79EFBC}") = "DevsuApi.SharedKernel", "backend\src\DevsuApi.SharedKernel\DevsuApi.SharedKernel.csproj", "{987F5172-B614-4464-AC2A-38B02CCA8D11}"
EndProject
Project("{FAE04EC0-301F-11D3-BF4B-00C04F79EFBC}") = "DevsuApi.Infrastructure", "backend\src\DevsuApi.Infrastructure\DevsuApi.Infrastructure.csproj", "{573E10F8-DFC4-4C5F-ADE8-977AEE692087}"
EndProject
Project("{FAE04EC0-301F-11D3-BF4B-00C04F79EFBC}") = "DevsuApi.UnitTests", "backend\tests\DevsuApi.UnitTests\DevsuApi.UnitTests.csproj", "{EDA4352C-AF91-4E23-8EB2-C4217F71FCA3}"
EndProject
Global
	GlobalSection(SolutionConfigurationPlatforms) = preSolution
		Debug|Any CPU = Debug|Any CPU
		Debug|x64 = Debug|x64
		Debug|x86 = Debug|x86
		Release|Any CPU = Release|Any CPU
		Release|x64 = Release|x64
		Release|x86 = Release|x86
	EndGlobalSection
	GlobalSection(ProjectConfigurationPlatforms) = postSolution
		{544D6774-7D62-4ACB-8D04-9734E2D81464}.Debug|Any CPU.ActiveCfg = Debug|Any CPU
		{544D6774-7D62-4ACB-8D04-9734E2D81464}.Debug|Any CPU.Build.0 = Debug|Any CPU
		{544D6774-7D62-4ACB-8D04-9734E2D81464}.Debug|x64.ActiveCfg = Debug|Any CPU
		{544D6774-7D62-4ACB-8D04-9734E2D81464}.Debug|x64.Build.0 = Debug|Any CPU
		{544D6774-7D62-4ACB-8D04-9734E2D81464}.Debug|x86.ActiveCfg = Debug|Any CPU
		{544D6774-7D62-4ACB-8D04-9734E2D81464}.Debug|x86.Build.0 = Debug|Any CPU
		{544D6774-7D62-4ACB-8D04-9734E2D81464}.Release|Any CPU.ActiveCfg = Release|Any CPU
		{544D6774-7D62-4ACB-8D04-9734E2D81464}.Release|Any CPU.Build.0 = Release|Any CPU
		{544D6774-7D62-4ACB-8D04-9734E2D81464}.Release|x64.ActiveCfg = Release|Any CPU
		{544D6774-7D62-4ACB-8D04-9734E2D81464}.Release|x64.Build.0 = Release|Any CPU
		{544D6774-7D62-4ACB-8D04-9734E2D81464}.Release|x86.ActiveCfg = Release|Any CPU
		{544D6774-7D62-4ACB-8D04-9734E2D81464}.Release|x86.Build.0 = Release|Any CPU
		{67768B24-0405-4C74-8604-B723CBD7A64B}.Debug|Any CPU.ActiveCfg = Debug|Any CPU
		{67768B24-0405-4C74-8604-B723CBD7A64B}.Debug|Any CPU.Build.0 = Debug|Any CPU
		{67768B24-0405-4C74-8604-B723CBD7A64B}.Debug|x64.ActiveCfg = Debug|Any CPU
		{67768B24-0405-4C74-8604-B723CBD7A64B}.Debug|x64.Build.0 = Debug|Any CPU
		{67768B24-0405-4C74-8604-B723CBD7A64B}.Debug|x86.ActiveCfg = Debug|Any CPU
		{67768B24-0405-4C74-8604-B723CBD7A64B}.Debug|x86.Build.0 = Debug|Any CPU
		{67768B24-0405-4C74-8604-B723CBD7A64B}.Release|Any CPU.ActiveCfg = Release|Any CPU
		{67768B24-0405-4C74-8604-B723CBD7A64B}.Release|Any CPU.Build.0 = Release|Any CPU
		{67768B24-0405-4C74-8604-B723CBD7A64B}.Release|x64.ActiveCfg = Release|Any CPU
		{67768B24-0405-4C74-8604-B723CBD7A64B}.Release|x64.Build.0 = Release|Any CPU
		{67768B24-0405-4C74-8604-B723CBD7A64B}.Release|x86.ActiveCfg = Release|Any CPU
		{67768B24-0405-4C74-8604-B723CBD7A64B}.Release|x86.Build.0 = Release|Any CPU
		{DA5629DB-2BD4-43A0-A069-5E961DFFFDDC}.Debug|Any CPU.ActiveCfg = Debug|Any CPU
		{DA5629DB-2BD4-43A0-A069-5E961DFFFDDC}.Debug|Any CPU.Build.0 = Debug|Any CPU
		{DA5629DB-2BD4-43A0-A069-5E961DFFFDDC}.Debug|x64.ActiveCfg = Debug|Any CPU
		{DA5629DB-2BD4-43A0-A069-5E961DFFFDDC}.Debug|x64.Build.0 = Debug|Any CPU
		{DA5629DB-2BD4-43A0-A069-5E961DFFFDDC}.Debug|x86.ActiveCfg = Debug|Any CPU
		{DA5629DB-2BD4-43A0-A069-5E961DFFFDDC}.Debug|x86.Build.0 = Debug|Any CPU
		{DA5629DB-2BD4-43A0-A069-5E961DFFFDDC}.Release|Any CPU.ActiveCfg = Release|Any CPU
		{DA5629DB-2BD4-43A0-A069-5E961DFFFDDC}.Release|Any CPU.Build.0 = Release|Any CPU
		{DA5629DB-2BD4-43A0-A069-5E961DFFFDDC}.Release|x64.ActiveCfg = Release|Any CPU
		{DA5629DB-2BD4-43A0-A069-5E961DFFFDDC}.Release|x64.Build.0 = Release|Any CPU
		{DA5629DB-2BD4-43A0-A069-5E961DFFFDDC}.Release|x86.ActiveCfg = Release|Any CPU
		{DA5629DB-2BD4-43A0-A069-5E961DFFFDDC}.Release|x86.Build.0 = Release|Any CPU
		{987F5172-B614-4464-AC2A-38B02CCA8D11}.Debug|Any CPU.ActiveCfg = Debug|Any CPU
		{987F5172-B614-4464-AC2A-38B02CCA8D11}.Debug|Any CPU.Build.0 = Debug|Any CPU
		{987F5172-B614-4464-AC2A-38B02CCA8D11}.Debug|x64.ActiveCfg = Debug|Any CPU
		{987F5172-B614-4464-AC2A-38B02CCA8D11}.Debug|x64.Build.0 = Debug|Any CPU
		{987F5172-B614-4464-AC2A-38B02CCA8D11}.Debug|x86.ActiveCfg = Debug|Any CPU
		{987F5172-B614-4464-AC2A-38B02CCA8D11}.Debug|x86.Build.0 = Debug|Any CPU
		{987F5172-B614-4464-AC2A-38B02CCA8D11}.Release|Any CPU.ActiveCfg = Release|Any CPU
		{987F5172-B614-4464-AC2A-38B02CCA8D11}.Release|Any CPU.Build.0 = Release|Any CPU
		{987F5172-B614-4464-AC2A-38B02CCA8D11}.Release|x64.ActiveCfg = Release|Any CPU
		{987F5172-B614-4464-AC2A-38B02CCA8D11}.Release|x64.Build.0 = Release|Any CPU
		{987F5172-B614-4464-AC2A-38B02CCA8D11}.Release|x86.ActiveCfg = Release|Any CPU
		{987F5172-B614-4464-AC2A-38B02CCA8D11}.Release|x86.Build.0 = Release|Any CPU
		{573E10F8-DFC4-4C5F-ADE8-977AEE692087}.Debug|Any CPU.ActiveCfg = Debug|Any CPU
		{573E10F8-DFC4-4C5F-ADE8-977AEE692087}.Debug|Any CPU.Build.0 = Debug|Any CPU
		{573E10F8-DFC4-4C5F-ADE8-977AEE692087}.Debug|x64.ActiveCfg = Debug|Any CPU
		{573E10F8-DFC4-4C5F-ADE8-977AEE692087}.Debug|x64.Build.0 = Debug|Any CPU
		{573E10F8-DFC4-4C5F-ADE8-977AEE692087}.Debug|x86.ActiveCfg = Debug|Any CPU
		{573E10F8-DFC4-4C5F-ADE8-977AEE692087}.Debug|x86.Build.0 = Debug|Any CPU
		{573E10F8-DFC4-4C5F-ADE8-977AEE692087}.Release|Any CPU.ActiveCfg = Release|Any CPU
		{573E10F8-DFC4-4C5F-ADE8-977AEE692087}.Release|Any CPU.Build.0 = Release|Any CPU
		{573E10F8-DFC4-4C5F-ADE8-977AEE692087}.Release|x64.ActiveCfg = Release|Any CPU
		{573E10F8-DFC4-4C5F-ADE8-977AEE692087}.Release|x64.Build.0 = Release|Any CPU
		{573E10F8-DFC4-4C5F-ADE8-977AEE692087}.Release|x86.ActiveCfg = Release|Any CPU
		{573E10F8-DFC4-4C5F-ADE8-977AEE692087}.Release|x86.Build.0 = Release|Any CPU
		{EDA4352C-AF91-4E23-8EB2-C4217F71FCA3}.Debug|Any CPU.ActiveCfg = Debug|Any CPU
		{EDA4352C-AF91-4E23-8EB2-C4217F71FCA3}.Debug|Any CPU.Build.0 = Debug|Any CPU
		{EDA4352C-AF91-4E23-8EB2-C4217F71FCA3}.Debug|x64.ActiveCfg = Debug|Any CPU
		{EDA4352C-AF91-4E23-8EB2-C4217F71FCA3}.Debug|x64.Build.0 = Debug|Any CPU
		{EDA4352C-AF91-4E23-8EB2-C4217F71FCA3}.Debug|x86.ActiveCfg = Debug|Any CPU
		{EDA4352C-AF91-4E23-8EB2-C4217F71FCA3}.Debug|x86.Build.0 = Debug|Any CPU
		{EDA4352C-AF91-4E23-8EB2-C4217F71FCA3}.Release|Any CPU.ActiveCfg = Release|Any CPU
		{EDA4352C-AF91-4E23-8EB2-C4217F71FCA3}.Release|Any CPU.Build.0 = Release|Any CPU
		{EDA4352C-AF91-4E23-8EB2-C4217F71FCA3}.Release|x64.ActiveCfg = Release|Any CPU
		{EDA4352C-AF91-4E23-8EB2-C4217F71FCA3}.Release|x64.Build.0 = Release|Any CPU
		{EDA4352C-AF91-4E23-8EB2-C4217F71FCA3}.Release|x86.ActiveCfg = Release|Any CPU
		{EDA4352C-AF91-4E23-8EB2-C4217F71FCA3}.Release|x86.Build.0 = Release|Any CPU
	EndGlobalSection
	GlobalSection(SolutionProperties) = preSolution
		HideSolutionNode = FALSE
	EndGlobalSection
	GlobalSection(NestedProjects) = preSolution
		{0F9113EE-888A-26D2-68B0-4A7D0A2A8745} = {1AE8ACA6-933B-BF2A-3671-3E2EAC007D16}
		{F57642F3-C37C-D174-720E-6A6AAD5BEE22} = {1AE8ACA6-933B-BF2A-3671-3E2EAC007D16}
		{544D6774-7D62-4ACB-8D04-9734E2D81464} = {0F9113EE-888A-26D2-68B0-4A7D0A2A8745}
		{67768B24-0405-4C74-8604-B723CBD7A64B} = {0F9113EE-888A-26D2-68B0-4A7D0A2A8745}
		{DA5629DB-2BD4-43A0-A069-5E961DFFFDDC} = {0F9113EE-888A-26D2-68B0-4A7D0A2A8745}
		{987F5172-B614-4464-AC2A-38B02CCA8D11} = {0F9113EE-888A-26D2-68B0-4A7D0A2A8745}
		{573E10F8-DFC4-4C5F-ADE8-977AEE692087} = {0F9113EE-888A-26D2-68B0-4A7D0A2A8745}
		{EDA4352C-AF91-4E23-8EB2-C4217F71FCA3} = {F57642F3-C37C-D174-720E-6A6AAD5BEE22}
	EndGlobalSection
	GlobalSection(ExtensibilityGlobals) = postSolution
		SolutionGuid = {F6E39B20-71B3-4EE5-A6A5-3F2CAE42CAA7}
	EndGlobalSection
EndGlobal
