
Microsoft Visual Studio Solution File, Format Version 12.00
# Visual Studio Version 17
VisualStudioVersion = 17.5.2.0
MinimumVisualStudioVersion = 10.0.40219.1
Project("{2150E333-8FDC-42A3-9474-1A3956D46DE8}") = "src", "src", "{827E0CD3-B72D-47B6-A68D-7590B98EB39B}"
EndProject
Project("{FAE04EC0-301F-11D3-BF4B-00C04F79EFBC}") = "DevsuApi.Infrastructure", "src\DevsuApi.Infrastructure\DevsuApi.Infrastructure.csproj", "{CE7A5A23-CC28-4230-B7EE-C6310D369158}"
EndProject
Project("{2150E333-8FDC-42A3-9474-1A3956D46DE8}") = "tests", "tests", "{0AB3BF05-4346-4AA6-1389-037BE0695223}"
EndProject
Project("{FAE04EC0-301F-11D3-BF4B-00C04F79EFBC}") = "DevsuApi.SharedKernel", "src\DevsuApi.SharedKernel\DevsuApi.SharedKernel.csproj", "{7FCECF44-A7C4-4A27-88B5-C5474F20D2FA}"
EndProject
Project("{FAE04EC0-301F-11D3-BF4B-00C04F79EFBC}") = "DevsuApi.Domain", "src\DevsuApi.Domain\DevsuApi.Domain.csproj", "{2AF613E3-4551-4D0D-B6A9-463C102CDADE}"
EndProject
Project("{FAE04EC0-301F-11D3-BF4B-00C04F79EFBC}") = "DevsuApi.Features", "src\DevsuApi.Features\DevsuApi.Features.csproj", "{FE02BE89-AEB2-43D5-96AC-3794173A60AC}"
EndProject
Project("{FAE04EC0-301F-11D3-BF4B-00C04F79EFBC}") = "DevsuApi.UnitTests", "tests\DevsuApi.UnitTests\DevsuApi.UnitTests.csproj", "{6EDC9A33-9027-47E4-BEFE-81188CBD46E2}"
EndProject
Project("{FAE04EC0-301F-11D3-BF4B-00C04F79EFBC}") = "DevsuApi.Api", "src\DevsuApi.Api\DevsuApi.Api.csproj", "{58233299-2487-4BFA-BD8E-7864309B5133}"
EndProject
Project("{2150E333-8FDC-42A3-9474-1A3956D46DE8}") = "database", "database", "{E0096E63-5207-411F-2649-837654E3C58A}"
EndProject
Project("{2150E333-8FDC-42A3-9474-1A3956D46DE8}") = "backend", "backend", "{1AE8ACA6-933B-BF2A-3671-3E2EAC007D16}"
EndProject
Global
	GlobalSection(SolutionConfigurationPlatforms) = preSolution
		Debug|Any CPU = Debug|Any CPU
		Debug|x64 = Debug|x64
		Debug|x86 = Debug|x86
		Release|Any CPU = Release|Any CPU
		Release|x64 = Release|x64
		Release|x86 = Release|x86
	EndGlobalSection
	GlobalSection(ProjectConfigurationPlatforms) = postSolution
		{CE7A5A23-CC28-4230-B7EE-C6310D369158}.Debug|Any CPU.ActiveCfg = Debug|Any CPU
		{CE7A5A23-CC28-4230-B7EE-C6310D369158}.Debug|Any CPU.Build.0 = Debug|Any CPU
		{CE7A5A23-CC28-4230-B7EE-C6310D369158}.Debug|x64.ActiveCfg = Debug|Any CPU
		{CE7A5A23-CC28-4230-B7EE-C6310D369158}.Debug|x64.Build.0 = Debug|Any CPU
		{CE7A5A23-CC28-4230-B7EE-C6310D369158}.Debug|x86.ActiveCfg = Debug|Any CPU
		{CE7A5A23-CC28-4230-B7EE-C6310D369158}.Debug|x86.Build.0 = Debug|Any CPU
		{CE7A5A23-CC28-4230-B7EE-C6310D369158}.Release|Any CPU.ActiveCfg = Release|Any CPU
		{CE7A5A23-CC28-4230-B7EE-C6310D369158}.Release|Any CPU.Build.0 = Release|Any CPU
		{CE7A5A23-CC28-4230-B7EE-C6310D369158}.Release|x64.ActiveCfg = Release|Any CPU
		{CE7A5A23-CC28-4230-B7EE-C6310D369158}.Release|x64.Build.0 = Release|Any CPU
		{CE7A5A23-CC28-4230-B7EE-C6310D369158}.Release|x86.ActiveCfg = Release|Any CPU
		{CE7A5A23-CC28-4230-B7EE-C6310D369158}.Release|x86.Build.0 = Release|Any CPU
		{7FCECF44-A7C4-4A27-88B5-C5474F20D2FA}.Debug|Any CPU.ActiveCfg = Debug|Any CPU
		{7FCECF44-A7C4-4A27-88B5-C5474F20D2FA}.Debug|Any CPU.Build.0 = Debug|Any CPU
		{7FCECF44-A7C4-4A27-88B5-C5474F20D2FA}.Debug|x64.ActiveCfg = Debug|Any CPU
		{7FCECF44-A7C4-4A27-88B5-C5474F20D2FA}.Debug|x64.Build.0 = Debug|Any CPU
		{7FCECF44-A7C4-4A27-88B5-C5474F20D2FA}.Debug|x86.ActiveCfg = Debug|Any CPU
		{7FCECF44-A7C4-4A27-88B5-C5474F20D2FA}.Debug|x86.Build.0 = Debug|Any CPU
		{7FCECF44-A7C4-4A27-88B5-C5474F20D2FA}.Release|Any CPU.ActiveCfg = Release|Any CPU
		{7FCECF44-A7C4-4A27-88B5-C5474F20D2FA}.Release|Any CPU.Build.0 = Release|Any CPU
		{7FCECF44-A7C4-4A27-88B5-C5474F20D2FA}.Release|x64.ActiveCfg = Release|Any CPU
		{7FCECF44-A7C4-4A27-88B5-C5474F20D2FA}.Release|x64.Build.0 = Release|Any CPU
		{7FCECF44-A7C4-4A27-88B5-C5474F20D2FA}.Release|x86.ActiveCfg = Release|Any CPU
		{7FCECF44-A7C4-4A27-88B5-C5474F20D2FA}.Release|x86.Build.0 = Release|Any CPU
		{2AF613E3-4551-4D0D-B6A9-463C102CDADE}.Debug|Any CPU.ActiveCfg = Debug|Any CPU
		{2AF613E3-4551-4D0D-B6A9-463C102CDADE}.Debug|Any CPU.Build.0 = Debug|Any CPU
		{2AF613E3-4551-4D0D-B6A9-463C102CDADE}.Debug|x64.ActiveCfg = Debug|Any CPU
		{2AF613E3-4551-4D0D-B6A9-463C102CDADE}.Debug|x64.Build.0 = Debug|Any CPU
		{2AF613E3-4551-4D0D-B6A9-463C102CDADE}.Debug|x86.ActiveCfg = Debug|Any CPU
		{2AF613E3-4551-4D0D-B6A9-463C102CDADE}.Debug|x86.Build.0 = Debug|Any CPU
		{2AF613E3-4551-4D0D-B6A9-463C102CDADE}.Release|Any CPU.ActiveCfg = Release|Any CPU
		{2AF613E3-4551-4D0D-B6A9-463C102CDADE}.Release|Any CPU.Build.0 = Release|Any CPU
		{2AF613E3-4551-4D0D-B6A9-463C102CDADE}.Release|x64.ActiveCfg = Release|Any CPU
		{2AF613E3-4551-4D0D-B6A9-463C102CDADE}.Release|x64.Build.0 = Release|Any CPU
		{2AF613E3-4551-4D0D-B6A9-463C102CDADE}.Release|x86.ActiveCfg = Release|Any CPU
		{2AF613E3-4551-4D0D-B6A9-463C102CDADE}.Release|x86.Build.0 = Release|Any CPU
		{FE02BE89-AEB2-43D5-96AC-3794173A60AC}.Debug|Any CPU.ActiveCfg = Debug|Any CPU
		{FE02BE89-AEB2-43D5-96AC-3794173A60AC}.Debug|Any CPU.Build.0 = Debug|Any CPU
		{FE02BE89-AEB2-43D5-96AC-3794173A60AC}.Debug|x64.ActiveCfg = Debug|Any CPU
		{FE02BE89-AEB2-43D5-96AC-3794173A60AC}.Debug|x64.Build.0 = Debug|Any CPU
		{FE02BE89-AEB2-43D5-96AC-3794173A60AC}.Debug|x86.ActiveCfg = Debug|Any CPU
		{FE02BE89-AEB2-43D5-96AC-3794173A60AC}.Debug|x86.Build.0 = Debug|Any CPU
		{FE02BE89-AEB2-43D5-96AC-3794173A60AC}.Release|Any CPU.ActiveCfg = Release|Any CPU
		{FE02BE89-AEB2-43D5-96AC-3794173A60AC}.Release|Any CPU.Build.0 = Release|Any CPU
		{FE02BE89-AEB2-43D5-96AC-3794173A60AC}.Release|x64.ActiveCfg = Release|Any CPU
		{FE02BE89-AEB2-43D5-96AC-3794173A60AC}.Release|x64.Build.0 = Release|Any CPU
		{FE02BE89-AEB2-43D5-96AC-3794173A60AC}.Release|x86.ActiveCfg = Release|Any CPU
		{FE02BE89-AEB2-43D5-96AC-3794173A60AC}.Release|x86.Build.0 = Release|Any CPU
		{6EDC9A33-9027-47E4-BEFE-81188CBD46E2}.Debug|Any CPU.ActiveCfg = Debug|Any CPU
		{6EDC9A33-9027-47E4-BEFE-81188CBD46E2}.Debug|Any CPU.Build.0 = Debug|Any CPU
		{6EDC9A33-9027-47E4-BEFE-81188CBD46E2}.Debug|x64.ActiveCfg = Debug|Any CPU
		{6EDC9A33-9027-47E4-BEFE-81188CBD46E2}.Debug|x64.Build.0 = Debug|Any CPU
		{6EDC9A33-9027-47E4-BEFE-81188CBD46E2}.Debug|x86.ActiveCfg = Debug|Any CPU
		{6EDC9A33-9027-47E4-BEFE-81188CBD46E2}.Debug|x86.Build.0 = Debug|Any CPU
		{6EDC9A33-9027-47E4-BEFE-81188CBD46E2}.Release|Any CPU.ActiveCfg = Release|Any CPU
		{6EDC9A33-9027-47E4-BEFE-81188CBD46E2}.Release|Any CPU.Build.0 = Release|Any CPU
		{6EDC9A33-9027-47E4-BEFE-81188CBD46E2}.Release|x64.ActiveCfg = Release|Any CPU
		{6EDC9A33-9027-47E4-BEFE-81188CBD46E2}.Release|x64.Build.0 = Release|Any CPU
		{6EDC9A33-9027-47E4-BEFE-81188CBD46E2}.Release|x86.ActiveCfg = Release|Any CPU
		{6EDC9A33-9027-47E4-BEFE-81188CBD46E2}.Release|x86.Build.0 = Release|Any CPU
		{58233299-2487-4BFA-BD8E-7864309B5133}.Debug|Any CPU.ActiveCfg = Debug|Any CPU
		{58233299-2487-4BFA-BD8E-7864309B5133}.Debug|Any CPU.Build.0 = Debug|Any CPU
		{58233299-2487-4BFA-BD8E-7864309B5133}.Debug|x64.ActiveCfg = Debug|Any CPU
		{58233299-2487-4BFA-BD8E-7864309B5133}.Debug|x64.Build.0 = Debug|Any CPU
		{58233299-2487-4BFA-BD8E-7864309B5133}.Debug|x86.ActiveCfg = Debug|Any CPU
		{58233299-2487-4BFA-BD8E-7864309B5133}.Debug|x86.Build.0 = Debug|Any CPU
		{58233299-2487-4BFA-BD8E-7864309B5133}.Release|Any CPU.ActiveCfg = Release|Any CPU
		{58233299-2487-4BFA-BD8E-7864309B5133}.Release|Any CPU.Build.0 = Release|Any CPU
		{58233299-2487-4BFA-BD8E-7864309B5133}.Release|x64.ActiveCfg = Release|Any CPU
		{58233299-2487-4BFA-BD8E-7864309B5133}.Release|x64.Build.0 = Release|Any CPU
		{58233299-2487-4BFA-BD8E-7864309B5133}.Release|x86.ActiveCfg = Release|Any CPU
		{58233299-2487-4BFA-BD8E-7864309B5133}.Release|x86.Build.0 = Release|Any CPU
	EndGlobalSection
	GlobalSection(SolutionProperties) = preSolution
		HideSolutionNode = FALSE
	EndGlobalSection
	GlobalSection(NestedProjects) = preSolution
		{CE7A5A23-CC28-4230-B7EE-C6310D369158} = {827E0CD3-B72D-47B6-A68D-7590B98EB39B}
		{7FCECF44-A7C4-4A27-88B5-C5474F20D2FA} = {827E0CD3-B72D-47B6-A68D-7590B98EB39B}
		{2AF613E3-4551-4D0D-B6A9-463C102CDADE} = {827E0CD3-B72D-47B6-A68D-7590B98EB39B}
		{FE02BE89-AEB2-43D5-96AC-3794173A60AC} = {827E0CD3-B72D-47B6-A68D-7590B98EB39B}
		{6EDC9A33-9027-47E4-BEFE-81188CBD46E2} = {0AB3BF05-4346-4AA6-1389-037BE0695223}
		{58233299-2487-4BFA-BD8E-7864309B5133} = {827E0CD3-B72D-47B6-A68D-7590B98EB39B}
	EndGlobalSection
	GlobalSection(ExtensibilityGlobals) = postSolution
		SolutionGuid = {F6E39B20-71B3-4EE5-A6A5-3F2CAE42CAA7}
	EndGlobalSection
EndGlobal
